# This file was autogenerated by uv via the following command:
#    uv pip compile pyproject.toml -o requirements.lock
asgiref==3.8.1
    # via
    #   django
    #   django-cors-headers
certifi==2025.1.31
    # via requests
cffi==1.17.1
    # via cryptography
charset-normalizer==3.4.1
    # via requests
cryptography==44.0.2
    # via django-auth-adfs
dj-database-url==2.3.0
    # via variome (pyproject.toml)
django==4.2.27
    # via
    #   variome (pyproject.toml)
    #   dj-database-url
    #   django-auth-adfs
    #   django-cors-headers
    #   django-extensions
    #   django-pghistory
    #   django-pgtrigger
    #   django-tracking2
    #   djangorestframework
django-auth-adfs==1.15.0
    # via variome (pyproject.toml)
django-cors-headers==4.7.0
    # via variome (pyproject.toml)
django-extensions==3.2.3
    # via variome (pyproject.toml)
django-pghistory==3.5.4
    # via variome (pyproject.toml)
django-pgtrigger==4.13.3
    # via django-pghistory
django-tracking2==0.5.1
    # via variome (pyproject.toml)
djangorestframework==3.15.2
    # via variome (pyproject.toml)
idna==3.10
    # via requests
natsort==8.4.0
    # via variome (pyproject.toml)
numpy==2.2.4
    # via
    #   variome (pyproject.toml)
    #   pandas
pandas==2.2.3
    # via variome (pyproject.toml)
psycopg2-binary==2.9.10
    # via variome (pyproject.toml)
pycparser==2.22
    # via cffi
pyjwt==2.10.1
    # via django-auth-adfs
python-dateutil==2.9.0.post0
    # via pandas
python-dotenv==1.1.0
    # via variome (pyproject.toml)
pytz==2025.2
    # via pandas
requests==2.32.3
    # via django-auth-adfs
six==1.17.0
    # via python-dateutil
sqlalchemy==2.0.39
    # via
    #   variome (pyproject.toml)
    #   sqlalchemy-utils
sqlalchemy-utils==0.41.2
    # via variome (pyproject.toml)
sqlparse==0.5.3
    # via django
typing-extensions==4.13.0
    # via
    #   dj-database-url
    #   sqlalchemy
tzdata==2025.2
    # via pandas
urllib3==2.3.0
    # via
    #   django-auth-adfs
    #   requests
