# generated by rye
# use `rye lock` or `rye sync` to update this lockfile
#
# last locked with the following flags:
#   pre: false
#   features: []
#   all-features: false
#   with-sources: false
#   generate-hashes: false

-e file:.
asgiref==3.8.1
    # via django
    # via django-cors-headers
black==24.4.2
certifi==2024.6.2
    # via requests
cffi==1.16.0
    # via cryptography
charset-normalizer==3.3.2
    # via requests
click==8.1.7
    # via black
cryptography==42.0.7
    # via django-auth-adfs
dj-database-url==2.1.0
    # via variome
django==4.2.13
    # via dj-database-url
    # via django-auth-adfs
    # via django-cors-headers
    # via django-extensions
    # via django-pghistory
    # via django-pgtrigger
    # via django-tracking2
    # via djangorestframework
    # via variome
django-auth-adfs==1.14.0
    # via variome
django-cors-headers==4.3.1
    # via variome
django-extensions==3.2.3
    # via variome
django-pghistory==3.2.0
    # via variome
django-pgtrigger==4.11.1
    # via django-pghistory
django-tracking2==0.5.1
    # via variome
djangorestframework==3.15.1
    # via variome
idna==3.7
    # via requests
mypy-extensions==1.0.0
    # via black
natsort==8.4.0
    # via variome
numpy==1.26.4
    # via pandas
    # via variome
packaging==24.0
    # via black
pandas==2.2.2
    # via variome
pathspec==0.12.1
    # via black
platformdirs==4.2.2
    # via black
psycopg2-binary==2.9.9
    # via variome
pycparser==2.22
    # via cffi
pyjwt==2.8.0
    # via django-auth-adfs
python-dateutil==2.9.0.post0
    # via pandas
python-dotenv==1.0.1
    # via variome
pytz==2024.1
    # via pandas
requests==2.32.3
    # via django-auth-adfs
six==1.16.0
    # via python-dateutil
sqlalchemy==2.0.30
    # via sqlalchemy-utils
    # via variome
sqlalchemy-utils==0.41.2
    # via variome
sqlparse==0.5.0
    # via django
typing-extensions==4.12.0
    # via dj-database-url
    # via sqlalchemy
tzdata==2024.1
    # via pandas
urllib3==2.2.1
    # via django-auth-adfs
    # via requests
