# This file was autogenerated by uv via the following command:
#    uv pip compile pyproject.toml -o requirements.lock
asgiref==3.11.1
    # via
    #   django
    #   django-cors-headers
certifi==2026.4.22
    # via requests
cffi==2.0.0
    # via cryptography
charset-normalizer==3.4.7
    # via requests
cryptography==47.0.0
    # via
    #   variome (pyproject.toml)
    #   django-auth-adfs
dj-database-url==3.1.2
    # via variome (pyproject.toml)
django==5.2.13
    # via
    #   variome (pyproject.toml)
    #   dj-database-url
    #   django-auditlog
    #   django-auth-adfs
    #   django-cors-headers
    #   django-extensions
    #   django-tracking2
    #   djangorestframework
django-auditlog==3.4.1
    # via variome (pyproject.toml)
django-auth-adfs==1.16.0
    # via variome (pyproject.toml)
django-cors-headers==4.9.0
    # via variome (pyproject.toml)
django-extensions==4.1
    # via variome (pyproject.toml)
django-tracking2==0.5.1
    # via variome (pyproject.toml)
djangorestframework==3.17.1
    # via variome (pyproject.toml)
idna==3.13
    # via requests
natsort==8.4.0
    # via variome (pyproject.toml)
psycopg2-binary==2.9.12
    # via variome (pyproject.toml)
pycparser==3.0
    # via cffi
pyjwt==2.12.1
    # via django-auth-adfs
pymysql==1.1.2
    # via variome (pyproject.toml)
python-dateutil==2.9.0.post0
    # via django-auditlog
python-dotenv==1.2.2
    # via variome (pyproject.toml)
requests==2.33.1
    # via django-auth-adfs
six==1.17.0
    # via python-dateutil
sqlparse==0.5.5
    # via django
tenacity==9.1.4
    # via variome (pyproject.toml)
urllib3==2.6.3
    # via
    #   django-auth-adfs
    #   requests
vcfpy==0.14.2
    # via variome (pyproject.toml)
