# generated by rye
# use `rye lock` or `rye sync` to update this lockfile
#
# last locked with the following flags:
#   pre: false
#   features: []
#   all-features: false
#   with-sources: false
#   generate-hashes: false

-e file:.
asgiref==3.8.1
    # via django
    # via django-cors-headers
certifi==2025.1.31
    # via requests
cffi==1.17.1
    # via cryptography
charset-normalizer==3.4.1
    # via requests
cryptography==44.0.2
    # via django-auth-adfs
dj-database-url==2.3.0
    # via variome
django==4.2.13
    # via dj-database-url
    # via django-auth-adfs
    # via django-cors-headers
    # via django-extensions
    # via django-pghistory
    # via django-pgtrigger
    # via django-tracking2
    # via djangorestframework
    # via variome
django-auth-adfs==1.15.0
    # via variome
django-cors-headers==4.7.0
    # via variome
django-extensions==3.2.3
    # via variome
django-pghistory==3.5.4
    # via variome
django-pgtrigger==4.13.3
    # via django-pghistory
django-tracking2==0.5.1
    # via variome
djangorestframework==3.15.2
    # via variome
idna==3.10
    # via requests
natsort==8.4.0
    # via variome
numpy==2.2.4
    # via pandas
    # via variome
pandas==2.2.3
    # via variome
psycopg2-binary==2.9.10
    # via variome
pycparser==2.22
    # via cffi
pyjwt==2.10.1
    # via django-auth-adfs
python-dateutil==2.9.0.post0
    # via pandas
python-dotenv==1.1.0
    # via variome
pytz==2025.2
    # via pandas
requests==2.32.3
    # via django-auth-adfs
six==1.17.0
    # via python-dateutil
sqlalchemy==2.0.39
    # via sqlalchemy-utils
    # via variome
sqlalchemy-utils==0.41.2
    # via variome
sqlparse==0.5.3
    # via django
typing-extensions==4.13.0
    # via dj-database-url
    # via sqlalchemy
tzdata==2025.2
    # via pandas
urllib3==2.3.0
    # via django-auth-adfs
    # via requests
